
Microsoft Visual Studio Solution File, Format Version 10.00
# Visual C# Express 2008
Project("{FAE04EC0-301F-11D3-BF4B-00C04F79EFBC}") = "Demoder.Patcher", "Demoder.Patcher\Demoder.Patcher.csproj", "{F8ABD54F-E4D4-4990-814F-5934D715ADDA}"
EndProject
Project("{FAE04EC0-301F-11D3-BF4B-00C04F79EFBC}") = "Demoders Patcher (Console)", "Demoders Patcher (Console)\Demoders Patcher (Console).csproj", "{5FEE50FE-DD06-44FA-A4E2-78AA078E8600}"
EndProject
Project("{FAE04EC0-301F-11D3-BF4B-00C04F79EFBC}") = "Demoders Patcher", "Demoders Patcher\Demoders Patcher.csproj", "{765B390F-7093-412B-84F9-1583656BD0B4}"
EndProject
Project("{FAE04EC0-301F-11D3-BF4B-00C04F79EFBC}") = "Demoder.Common", "Demoder.Common\Demoder.Common.csproj", "{AC7BB3A1-A0E3-4931-9661-2BA4DB418B6F}"
EndProject
Global
	GlobalSection(SolutionConfigurationPlatforms) = preSolution
		Debug|Any CPU = Debug|Any CPU
		Release|Any CPU = Release|Any CPU
	EndGlobalSection
	GlobalSection(ProjectConfigurationPlatforms) = postSolution
		{F8ABD54F-E4D4-4990-814F-5934D715ADDA}.Debug|Any CPU.ActiveCfg = Debug|Any CPU
		{F8ABD54F-E4D4-4990-814F-5934D715ADDA}.Debug|Any CPU.Build.0 = Debug|Any CPU
		{F8ABD54F-E4D4-4990-814F-5934D715ADDA}.Release|Any CPU.ActiveCfg = Release|Any CPU
		{F8ABD54F-E4D4-4990-814F-5934D715ADDA}.Release|Any CPU.Build.0 = Release|Any CPU
		{5FEE50FE-DD06-44FA-A4E2-78AA078E8600}.Debug|Any CPU.ActiveCfg = Debug|Any CPU
		{5FEE50FE-DD06-44FA-A4E2-78AA078E8600}.Release|Any CPU.ActiveCfg = Release|Any CPU
		{765B390F-7093-412B-84F9-1583656BD0B4}.Debug|Any CPU.ActiveCfg = Debug|Any CPU
		{765B390F-7093-412B-84F9-1583656BD0B4}.Debug|Any CPU.Build.0 = Debug|Any CPU
		{765B390F-7093-412B-84F9-1583656BD0B4}.Release|Any CPU.ActiveCfg = Release|Any CPU
		{765B390F-7093-412B-84F9-1583656BD0B4}.Release|Any CPU.Build.0 = Release|Any CPU
		{AC7BB3A1-A0E3-4931-9661-2BA4DB418B6F}.Debug|Any CPU.ActiveCfg = Debug|Any CPU
		{AC7BB3A1-A0E3-4931-9661-2BA4DB418B6F}.Debug|Any CPU.Build.0 = Debug|Any CPU
		{AC7BB3A1-A0E3-4931-9661-2BA4DB418B6F}.Release|Any CPU.ActiveCfg = Release|Any CPU
		{AC7BB3A1-A0E3-4931-9661-2BA4DB418B6F}.Release|Any CPU.Build.0 = Release|Any CPU
	EndGlobalSection
	GlobalSection(SolutionProperties) = preSolution
		HideSolutionNode = FALSE
	EndGlobalSection
EndGlobal
