
Microsoft Visual Studio Solution File, Format Version 10.00
# Visual C# Express 2008
Project("{FAE04EC0-301F-11D3-BF4B-00C04F79EFBC}") = "AOMC", "AOMC\AOMC.csproj", "{7B1A7236-288F-4374-BE38-4DE98FFFFE9B}"
EndProject
Project("{FAE04EC0-301F-11D3-BF4B-00C04F79EFBC}") = "Demoder.MapCompiler", "Demoder.MapCompiler\Demoder.MapCompiler.csproj", "{90ED06E3-BAE8-40B7-91D2-8874315D8EBE}"
EndProject
Project("{FAE04EC0-301F-11D3-BF4B-00C04F79EFBC}") = "Demoder.Common", "Demoder.Common\Demoder.Common.csproj", "{AC7BB3A1-A0E3-4931-9661-2BA4DB418B6F}"
EndProject
Global
	GlobalSection(SolutionConfigurationPlatforms) = preSolution
		AOMC Debug|Any CPU = AOMC Debug|Any CPU
		AOMC Release|Any CPU = AOMC Release|Any CPU
		AOMP Debug|Any CPU = AOMP Debug|Any CPU
		Debug|Any CPU = Debug|Any CPU
		DebugConsole|Any CPU = DebugConsole|Any CPU
		Map Upgrades Debug|Any CPU = Map Upgrades Debug|Any CPU
		Map Upgrades Release|Any CPU = Map Upgrades Release|Any CPU
		PlanetMapViewer|Any CPU = PlanetMapViewer|Any CPU
		Release|Any CPU = Release|Any CPU
	EndGlobalSection
	GlobalSection(ProjectConfigurationPlatforms) = postSolution
		{7B1A7236-288F-4374-BE38-4DE98FFFFE9B}.AOMC Debug|Any CPU.ActiveCfg = AOMC Debug|Any CPU
		{7B1A7236-288F-4374-BE38-4DE98FFFFE9B}.AOMC Debug|Any CPU.Build.0 = AOMC Debug|Any CPU
		{7B1A7236-288F-4374-BE38-4DE98FFFFE9B}.AOMC Release|Any CPU.ActiveCfg = AOMC Release|Any CPU
		{7B1A7236-288F-4374-BE38-4DE98FFFFE9B}.AOMC Release|Any CPU.Build.0 = AOMC Release|Any CPU
		{7B1A7236-288F-4374-BE38-4DE98FFFFE9B}.AOMP Debug|Any CPU.ActiveCfg = AOMP Debug|Any CPU
		{7B1A7236-288F-4374-BE38-4DE98FFFFE9B}.AOMP Debug|Any CPU.Build.0 = AOMP Debug|Any CPU
		{7B1A7236-288F-4374-BE38-4DE98FFFFE9B}.Debug|Any CPU.ActiveCfg = AOMC Debug|Any CPU
		{7B1A7236-288F-4374-BE38-4DE98FFFFE9B}.Debug|Any CPU.Build.0 = AOMC Debug|Any CPU
		{7B1A7236-288F-4374-BE38-4DE98FFFFE9B}.DebugConsole|Any CPU.ActiveCfg = DebugConsole|Any CPU
		{7B1A7236-288F-4374-BE38-4DE98FFFFE9B}.DebugConsole|Any CPU.Build.0 = DebugConsole|Any CPU
		{7B1A7236-288F-4374-BE38-4DE98FFFFE9B}.Map Upgrades Debug|Any CPU.ActiveCfg = Map Upgrades Debug|Any CPU
		{7B1A7236-288F-4374-BE38-4DE98FFFFE9B}.Map Upgrades Debug|Any CPU.Build.0 = Map Upgrades Debug|Any CPU
		{7B1A7236-288F-4374-BE38-4DE98FFFFE9B}.Map Upgrades Release|Any CPU.ActiveCfg = Map Upgrades Release|Any CPU
		{7B1A7236-288F-4374-BE38-4DE98FFFFE9B}.Map Upgrades Release|Any CPU.Build.0 = Map Upgrades Release|Any CPU
		{7B1A7236-288F-4374-BE38-4DE98FFFFE9B}.PlanetMapViewer|Any CPU.ActiveCfg = PlanetMapViewer|Any CPU
		{7B1A7236-288F-4374-BE38-4DE98FFFFE9B}.PlanetMapViewer|Any CPU.Build.0 = PlanetMapViewer|Any CPU
		{7B1A7236-288F-4374-BE38-4DE98FFFFE9B}.Release|Any CPU.ActiveCfg = AOMC Release|Any CPU
		{7B1A7236-288F-4374-BE38-4DE98FFFFE9B}.Release|Any CPU.Build.0 = AOMC Release|Any CPU
		{90ED06E3-BAE8-40B7-91D2-8874315D8EBE}.AOMC Debug|Any CPU.ActiveCfg = AOMC Debug|Any CPU
		{90ED06E3-BAE8-40B7-91D2-8874315D8EBE}.AOMC Debug|Any CPU.Build.0 = AOMC Debug|Any CPU
		{90ED06E3-BAE8-40B7-91D2-8874315D8EBE}.AOMC Release|Any CPU.ActiveCfg = AOMC Release|Any CPU
		{90ED06E3-BAE8-40B7-91D2-8874315D8EBE}.AOMC Release|Any CPU.Build.0 = AOMC Release|Any CPU
		{90ED06E3-BAE8-40B7-91D2-8874315D8EBE}.AOMP Debug|Any CPU.ActiveCfg = AOMP Debug|Any CPU
		{90ED06E3-BAE8-40B7-91D2-8874315D8EBE}.AOMP Debug|Any CPU.Build.0 = AOMP Debug|Any CPU
		{90ED06E3-BAE8-40B7-91D2-8874315D8EBE}.Debug|Any CPU.ActiveCfg = AOMC Debug|Any CPU
		{90ED06E3-BAE8-40B7-91D2-8874315D8EBE}.Debug|Any CPU.Build.0 = AOMC Debug|Any CPU
		{90ED06E3-BAE8-40B7-91D2-8874315D8EBE}.DebugConsole|Any CPU.ActiveCfg = DebugConsole|Any CPU
		{90ED06E3-BAE8-40B7-91D2-8874315D8EBE}.DebugConsole|Any CPU.Build.0 = DebugConsole|Any CPU
		{90ED06E3-BAE8-40B7-91D2-8874315D8EBE}.Map Upgrades Debug|Any CPU.ActiveCfg = Map Upgrades Debug|Any CPU
		{90ED06E3-BAE8-40B7-91D2-8874315D8EBE}.Map Upgrades Debug|Any CPU.Build.0 = Map Upgrades Debug|Any CPU
		{90ED06E3-BAE8-40B7-91D2-8874315D8EBE}.Map Upgrades Release|Any CPU.ActiveCfg = Map Upgrades Release|Any CPU
		{90ED06E3-BAE8-40B7-91D2-8874315D8EBE}.Map Upgrades Release|Any CPU.Build.0 = Map Upgrades Release|Any CPU
		{90ED06E3-BAE8-40B7-91D2-8874315D8EBE}.PlanetMapViewer|Any CPU.ActiveCfg = PlanetMapViewer|Any CPU
		{90ED06E3-BAE8-40B7-91D2-8874315D8EBE}.PlanetMapViewer|Any CPU.Build.0 = PlanetMapViewer|Any CPU
		{90ED06E3-BAE8-40B7-91D2-8874315D8EBE}.Release|Any CPU.ActiveCfg = AOMC Release|Any CPU
		{90ED06E3-BAE8-40B7-91D2-8874315D8EBE}.Release|Any CPU.Build.0 = AOMC Release|Any CPU
		{AC7BB3A1-A0E3-4931-9661-2BA4DB418B6F}.AOMC Debug|Any CPU.ActiveCfg = AOMC Debug|Any CPU
		{AC7BB3A1-A0E3-4931-9661-2BA4DB418B6F}.AOMC Debug|Any CPU.Build.0 = AOMC Debug|Any CPU
		{AC7BB3A1-A0E3-4931-9661-2BA4DB418B6F}.AOMC Release|Any CPU.ActiveCfg = AOMC Release|Any CPU
		{AC7BB3A1-A0E3-4931-9661-2BA4DB418B6F}.AOMC Release|Any CPU.Build.0 = AOMC Release|Any CPU
		{AC7BB3A1-A0E3-4931-9661-2BA4DB418B6F}.AOMP Debug|Any CPU.ActiveCfg = AOMP Debug|Any CPU
		{AC7BB3A1-A0E3-4931-9661-2BA4DB418B6F}.AOMP Debug|Any CPU.Build.0 = AOMP Debug|Any CPU
		{AC7BB3A1-A0E3-4931-9661-2BA4DB418B6F}.Debug|Any CPU.ActiveCfg = Debug|Any CPU
		{AC7BB3A1-A0E3-4931-9661-2BA4DB418B6F}.Debug|Any CPU.Build.0 = Debug|Any CPU
		{AC7BB3A1-A0E3-4931-9661-2BA4DB418B6F}.DebugConsole|Any CPU.ActiveCfg = DebugConsole|Any CPU
		{AC7BB3A1-A0E3-4931-9661-2BA4DB418B6F}.DebugConsole|Any CPU.Build.0 = DebugConsole|Any CPU
		{AC7BB3A1-A0E3-4931-9661-2BA4DB418B6F}.Map Upgrades Debug|Any CPU.ActiveCfg = Map Upgrades Debug|Any CPU
		{AC7BB3A1-A0E3-4931-9661-2BA4DB418B6F}.Map Upgrades Debug|Any CPU.Build.0 = Map Upgrades Debug|Any CPU
		{AC7BB3A1-A0E3-4931-9661-2BA4DB418B6F}.Map Upgrades Release|Any CPU.ActiveCfg = Map Upgrades Release|Any CPU
		{AC7BB3A1-A0E3-4931-9661-2BA4DB418B6F}.Map Upgrades Release|Any CPU.Build.0 = Map Upgrades Release|Any CPU
		{AC7BB3A1-A0E3-4931-9661-2BA4DB418B6F}.PlanetMapViewer|Any CPU.ActiveCfg = PlanetMapViewer|Any CPU
		{AC7BB3A1-A0E3-4931-9661-2BA4DB418B6F}.PlanetMapViewer|Any CPU.Build.0 = PlanetMapViewer|Any CPU
		{AC7BB3A1-A0E3-4931-9661-2BA4DB418B6F}.Release|Any CPU.ActiveCfg = Release|Any CPU
		{AC7BB3A1-A0E3-4931-9661-2BA4DB418B6F}.Release|Any CPU.Build.0 = Release|Any CPU
	EndGlobalSection
	GlobalSection(SolutionProperties) = preSolution
		HideSolutionNode = FALSE
	EndGlobalSection
EndGlobal
